
Microsoft Visual Studio Solution File, Format Version 12.00
# Visual Studio Version 16
VisualStudioVersion = 16.0.28803.156
MinimumVisualStudioVersion = 10.0.40219.1
Project("{9A19103F-16F7-4668-BE54-9A1E7A4F7556}") = "Euler1Article", "Euler1Article\Euler1Article.csproj", "{25B6ED27-1290-4943-BDF9-FAE9522810BC}"
EndProject
Project("{9A19103F-16F7-4668-BE54-9A1E7A4F7556}") = "FPAbstractions", "FPAbstractions\FPAbstractions.csproj", "{E4FF6455-8D9C-4B58-A73C-43A16DD44DCB}"
EndProject
Project("{FAE04EC0-301F-11D3-BF4B-00C04F79EFBC}") = "CSharp", "CSharp\CSharp.csproj", "{C5C74212-4898-4ABD-86CC-33473CD26EE8}"
EndProject
Global
	GlobalSection(SolutionConfigurationPlatforms) = preSolution
		Debug|Any CPU = Debug|Any CPU
		Release|Any CPU = Release|Any CPU
	EndGlobalSection
	GlobalSection(ProjectConfigurationPlatforms) = postSolution
		{25B6ED27-1290-4943-BDF9-FAE9522810BC}.Debug|Any CPU.ActiveCfg = Debug|Any CPU
		{25B6ED27-1290-4943-BDF9-FAE9522810BC}.Debug|Any CPU.Build.0 = Debug|Any CPU
		{25B6ED27-1290-4943-BDF9-FAE9522810BC}.Release|Any CPU.ActiveCfg = Release|Any CPU
		{25B6ED27-1290-4943-BDF9-FAE9522810BC}.Release|Any CPU.Build.0 = Release|Any CPU
		{E4FF6455-8D9C-4B58-A73C-43A16DD44DCB}.Debug|Any CPU.ActiveCfg = Debug|Any CPU
		{E4FF6455-8D9C-4B58-A73C-43A16DD44DCB}.Debug|Any CPU.Build.0 = Debug|Any CPU
		{E4FF6455-8D9C-4B58-A73C-43A16DD44DCB}.Release|Any CPU.ActiveCfg = Release|Any CPU
		{E4FF6455-8D9C-4B58-A73C-43A16DD44DCB}.Release|Any CPU.Build.0 = Release|Any CPU
		{C5C74212-4898-4ABD-86CC-33473CD26EE8}.Debug|Any CPU.ActiveCfg = Debug|Any CPU
		{C5C74212-4898-4ABD-86CC-33473CD26EE8}.Debug|Any CPU.Build.0 = Debug|Any CPU
		{C5C74212-4898-4ABD-86CC-33473CD26EE8}.Release|Any CPU.ActiveCfg = Release|Any CPU
		{C5C74212-4898-4ABD-86CC-33473CD26EE8}.Release|Any CPU.Build.0 = Release|Any CPU
	EndGlobalSection
	GlobalSection(SolutionProperties) = preSolution
		HideSolutionNode = FALSE
	EndGlobalSection
	GlobalSection(ExtensibilityGlobals) = postSolution
		SolutionGuid = {2AB8B541-ABC6-4A95-B1BD-96F4F5A9E72F}
	EndGlobalSection
EndGlobal
